
Microsoft Visual Studio Solution File, Format Version 12.00
# Visual Studio Version 17
VisualStudioVersion = 17.5.33516.290
MinimumVisualStudioVersion = 10.0.40219.1
Project("{9A19103F-16F7-4668-BE54-9A1E7A4F7556}") = "LMS.BusinessCore", "LMS.BusinessCore\LMS.BusinessCore.csproj", "{A29A480A-8A96-4E11-B6BF-71B7DA79D46C}"
EndProject
Project("{9A19103F-16F7-4668-BE54-9A1E7A4F7556}") = "LMS.BusinessUseCases", "LMS.BusinessUseCases\LMS.BusinessUseCases.csproj", "{5E4B66A2-2D7F-46B1-8F72-B70BA6DD16E5}"
EndProject
Project("{9A19103F-16F7-4668-BE54-9A1E7A4F7556}") = "LMS.WebApi", "LMS.WebApi\LMS.WebApi.csproj", "{450B5DE9-A43A-4E07-99BA-95804F1AA5E7}"
EndProject
Project("{2150E333-8FDC-42A3-9474-1A3956D46DE8}") = "Plugins", "Plugins", "{B12F2065-0F75-42C7-A707-B4F74BA6BC43}"
EndProject
Project("{9A19103F-16F7-4668-BE54-9A1E7A4F7556}") = "LMS.SqlServer", "Plugins\LMS.SqlServer\LMS.SqlServer.csproj", "{3BAAA4FC-F21E-4C09-A496-78D6944DCC44}"
EndProject
Project("{9A19103F-16F7-4668-BE54-9A1E7A4F7556}") = "LMS.BlazorApp", "LMS.BlazorApp\LMS.BlazorApp.csproj", "{65918332-1D4D-4B0C-B7DB-ACA355653B59}"
EndProject
Global
	GlobalSection(SolutionConfigurationPlatforms) = preSolution
		Debug|Any CPU = Debug|Any CPU
		Release|Any CPU = Release|Any CPU
	EndGlobalSection
	GlobalSection(ProjectConfigurationPlatforms) = postSolution
		{A29A480A-8A96-4E11-B6BF-71B7DA79D46C}.Debug|Any CPU.ActiveCfg = Debug|Any CPU
		{A29A480A-8A96-4E11-B6BF-71B7DA79D46C}.Debug|Any CPU.Build.0 = Debug|Any CPU
		{A29A480A-8A96-4E11-B6BF-71B7DA79D46C}.Release|Any CPU.ActiveCfg = Release|Any CPU
		{A29A480A-8A96-4E11-B6BF-71B7DA79D46C}.Release|Any CPU.Build.0 = Release|Any CPU
		{5E4B66A2-2D7F-46B1-8F72-B70BA6DD16E5}.Debug|Any CPU.ActiveCfg = Debug|Any CPU
		{5E4B66A2-2D7F-46B1-8F72-B70BA6DD16E5}.Debug|Any CPU.Build.0 = Debug|Any CPU
		{5E4B66A2-2D7F-46B1-8F72-B70BA6DD16E5}.Release|Any CPU.ActiveCfg = Release|Any CPU
		{5E4B66A2-2D7F-46B1-8F72-B70BA6DD16E5}.Release|Any CPU.Build.0 = Release|Any CPU
		{450B5DE9-A43A-4E07-99BA-95804F1AA5E7}.Debug|Any CPU.ActiveCfg = Debug|Any CPU
		{450B5DE9-A43A-4E07-99BA-95804F1AA5E7}.Debug|Any CPU.Build.0 = Debug|Any CPU
		{450B5DE9-A43A-4E07-99BA-95804F1AA5E7}.Release|Any CPU.ActiveCfg = Release|Any CPU
		{450B5DE9-A43A-4E07-99BA-95804F1AA5E7}.Release|Any CPU.Build.0 = Release|Any CPU
		{3BAAA4FC-F21E-4C09-A496-78D6944DCC44}.Debug|Any CPU.ActiveCfg = Debug|Any CPU
		{3BAAA4FC-F21E-4C09-A496-78D6944DCC44}.Debug|Any CPU.Build.0 = Debug|Any CPU
		{3BAAA4FC-F21E-4C09-A496-78D6944DCC44}.Release|Any CPU.ActiveCfg = Release|Any CPU
		{3BAAA4FC-F21E-4C09-A496-78D6944DCC44}.Release|Any CPU.Build.0 = Release|Any CPU
		{65918332-1D4D-4B0C-B7DB-ACA355653B59}.Debug|Any CPU.ActiveCfg = Debug|Any CPU
		{65918332-1D4D-4B0C-B7DB-ACA355653B59}.Debug|Any CPU.Build.0 = Debug|Any CPU
		{65918332-1D4D-4B0C-B7DB-ACA355653B59}.Release|Any CPU.ActiveCfg = Release|Any CPU
		{65918332-1D4D-4B0C-B7DB-ACA355653B59}.Release|Any CPU.Build.0 = Release|Any CPU
	EndGlobalSection
	GlobalSection(SolutionProperties) = preSolution
		HideSolutionNode = FALSE
	EndGlobalSection
	GlobalSection(NestedProjects) = preSolution
		{3BAAA4FC-F21E-4C09-A496-78D6944DCC44} = {B12F2065-0F75-42C7-A707-B4F74BA6BC43}
	EndGlobalSection
	GlobalSection(ExtensibilityGlobals) = postSolution
		SolutionGuid = {96CF5237-EA41-471B-9415-8E269C2FD679}
	EndGlobalSection
EndGlobal
